
Microsoft Visual Studio Solution File, Format Version 12.00
# Visual Studio Version 17
VisualStudioVersion = 17.8.34330.188
MinimumVisualStudioVersion = 10.0.40219.1
Project("{FAE04EC0-301F-11D3-BF4B-00C04F79EFBC}") = "Soma", "Soma\Soma.csproj", "{69F47933-8587-475A-A293-BE256A1ABD2E}"
EndProject
Global
	GlobalSection(SolutionConfigurationPlatforms) = preSolution
		Debug|Any CPU = Debug|Any CPU
		Release|Any CPU = Release|Any CPU
	EndGlobalSection
	GlobalSection(ProjectConfigurationPlatforms) = postSolution
		{69F47933-8587-475A-A293-BE256A1ABD2E}.Debug|Any CPU.ActiveCfg = Debug|Any CPU
		{69F47933-8587-475A-A293-BE256A1ABD2E}.Debug|Any CPU.Build.0 = Debug|Any CPU
		{69F47933-8587-475A-A293-BE256A1ABD2E}.Release|Any CPU.ActiveCfg = Release|Any CPU
		{69F47933-8587-475A-A293-BE256A1ABD2E}.Release|Any CPU.Build.0 = Release|Any CPU
	EndGlobalSection
	GlobalSection(SolutionProperties) = preSolution
		HideSolutionNode = FALSE
	EndGlobalSection
	GlobalSection(ExtensibilityGlobals) = postSolution
		SolutionGuid = {19945A21-C16F-42FF-A6BB-605B12EA2D5C}
	EndGlobalSection
EndGlobal
